// !$*UTF8*$!
{
	archiveVersion = 1;
	classes = {
	};
	objectVersion = 50;
	objects = {

/* Begin PBXBuildFile section */
		844CD2B02549E06200443B41 /* AppDelegate.swift in Sources */ = {isa = PBXBuildFile; fileRef = 844CD2AF2549E06200443B41 /* AppDelegate.swift */; };
		844CD2B22549E06200443B41 /* SceneDelegate.swift in Sources */ = {isa = PBXBuildFile; fileRef = 844CD2B12549E06200443B41 /* SceneDelegate.swift */; };
		844CD2B42549E06200443B41 /* ViewController.swift in Sources */ = {isa = PBXBuildFile; fileRef = 844CD2B32549E06200443B41 /* ViewController.swift */; };
		844CD2B72549E06200443B41 /* Main.storyboard in Resources */ = {isa = PBXBuildFile; fileRef = 844CD2B52549E06200443B41 /* Main.storyboard */; };
		844CD2B92549E06700443B41 /* Assets.xcassets in Resources */ = {isa = PBXBuildFile; fileRef = 844CD2B82549E06700443B41 /* Assets.xcassets */; };
		844CD2BC2549E06700443B41 /* LaunchScreen.storyboard in Resources */ = {isa = PBXBuildFile; fileRef = 844CD2BA2549E06700443B41 /* LaunchScreen.storyboard */; };
		844CD2C52549E0D500443B41 /* MapKit.framework in Frameworks */ = {isa = PBXBuildFile; fileRef = 844CD2C42549E0D500443B41 /* MapKit.framework */; };
		844CD2C72549EF0300443B41 /* AG_MKAnnotation.swift in Sources */ = {isa = PBXBuildFile; fileRef = 844CD2C62549EF0300443B41 /* AG_MKAnnotation.swift */; };
		845A5B8C2551F89700A50877 /* UIViewExtension.swift in Sources */ = {isa = PBXBuildFile; fileRef = 845A5B8B2551F89700A50877 /* UIViewExtension.swift */; };
/* End PBXBuildFile section */

/* Begin PBXFileReference section */
		844CD2AC2549E06200443B41 /* Lesson_37_MKMapView_Part1.app */ = {isa = PBXFileReference; explicitFileType = wrapper.application; includeInIndex = 0; path = Lesson_37_MKMapView_Part1.app; sourceTree = BUILT_PRODUCTS_DIR; };
		844CD2AF2549E06200443B41 /* AppDelegate.swift */ = {isa = PBXFileReference; lastKnownFileType = sourcecode.swift; path = AppDelegate.swift; sourceTree = "<group>"; };
		844CD2B12549E06200443B41 /* SceneDelegate.swift */ = {isa = PBXFileReference; lastKnownFileType = sourcecode.swift; path = SceneDelegate.swift; sourceTree = "<group>"; };
		844CD2B32549E06200443B41 /* ViewController.swift */ = {isa = PBXFileReference; lastKnownFileType = sourcecode.swift; path = ViewController.swift; sourceTree = "<group>"; };
		844CD2B62549E06200443B41 /* Base */ = {isa = PBXFileReference; lastKnownFileType = file.storyboard; name = Base; path = Base.lproj/Main.storyboard; sourceTree = "<group>"; };
		844CD2B82549E06700443B41 /* Assets.xcassets */ = {isa = PBXFileReference; lastKnownFileType = folder.assetcatalog; path = Assets.xcassets; sourceTree = "<group>"; };
		844CD2BB2549E06700443B41 /* Base */ = {isa = PBXFileReference; lastKnownFileType = file.storyboard; name = Base; path = Base.lproj/LaunchScreen.storyboard; sourceTree = "<group>"; };
		844CD2BD2549E06700443B41 /* Info.plist */ = {isa = PBXFileReference; lastKnownFileType = text.plist.xml; path = Info.plist; sourceTree = "<group>"; };
		844CD2C42549E0D500443B41 /* MapKit.framework */ = {isa = PBXFileReference; lastKnownFileType = wrapper.framework; name = MapKit.framework; path = System/Library/Frameworks/MapKit.framework; sourceTree = SDKROOT; };
		844CD2C62549EF0300443B41 /* AG_MKAnnotation.swift */ = {isa = PBXFileReference; lastKnownFileType = sourcecode.swift; path = AG_MKAnnotation.swift; sourceTree = "<group>"; };
		845A5B8B2551F89700A50877 /* UIViewExtension.swift */ = {isa = PBXFileReference; lastKnownFileType = sourcecode.swift; path = UIViewExtension.swift; sourceTree = "<group>"; };
/* End PBXFileReference section */

/* Begin PBXFrameworksBuildPhase section */
		844CD2A92549E06200443B41 /* Frameworks */ = {
			isa = PBXFrameworksBuildPhase;
			buildActionMask = 2147483647;
			files = (
				844CD2C52549E0D500443B41 /* MapKit.framework in Frameworks */,
			);
			runOnlyForDeploymentPostprocessing = 0;
		};
/* End PBXFrameworksBuildPhase section */

/* Begin PBXGroup section */
		844CD2A32549E06200443B41 = {
			isa = PBXGroup;
			children = (
				844CD2AE2549E06200443B41 /* Lesson_37_MKMapView_Part1 */,
				844CD2AD2549E06200443B41 /* Products */,
				844CD2C32549E0D400443B41 /* Frameworks */,
			);
			sourceTree = "<group>";
		};
		844CD2AD2549E06200443B41 /* Products */ = {
			isa = PBXGroup;
			children = (
				844CD2AC2549E06200443B41 /* Lesson_37_MKMapView_Part1.app */,
			);
			name = Products;
			sourceTree = "<group>";
		};
		844CD2AE2549E06200443B41 /* Lesson_37_MKMapView_Part1 */ = {
			isa = PBXGroup;
			children = (
				844CD2AF2549E06200443B41 /* AppDelegate.swift */,
				844CD2B12549E06200443B41 /* SceneDelegate.swift */,
				844CD2B32549E06200443B41 /* ViewController.swift */,
				844CD2B52549E06200443B41 /* Main.storyboard */,
				844CD2B82549E06700443B41 /* Assets.xcassets */,
				844CD2BA2549E06700443B41 /* LaunchScreen.storyboard */,
				844CD2BD2549E06700443B41 /* Info.plist */,
				844CD2C62549EF0300443B41 /* AG_MKAnnotation.swift */,
				845A5B8B2551F89700A50877 /* UIViewExtension.swift */,
			);
			path = Lesson_37_MKMapView_Part1;
			sourceTree = "<group>";
		};
		844CD2C32549E0D400443B41 /* Frameworks */ = {
			isa = PBXGroup;
			children = (
				844CD2C42549E0D500443B41 /* MapKit.framework */,
			);
			name = Frameworks;
			sourceTree = "<group>";
		};
/* End PBXGroup section */

/* Begin PBXNativeTarget section */
		844CD2AB2549E06200443B41 /* Lesson_37_MKMapView_Part1 */ = {
			isa = PBXNativeTarget;
			buildConfigurationList = 844CD2C02549E06700443B41 /* Build configuration list for PBXNativeTarget "Lesson_37_MKMapView_Part1" */;
			buildPhases = (
				844CD2A82549E06200443B41 /* Sources */,
				844CD2A92549E06200443B41 /* Frameworks */,
				844CD2AA2549E06200443B41 /* Resources */,
			);
			buildRules = (
			);
			dependencies = (
			);
			name = Lesson_37_MKMapView_Part1;
			productName = Lesson_37_MKMapView_Part1;
			productReference = 844CD2AC2549E06200443B41 /* Lesson_37_MKMapView_Part1.app */;
			productType = "com.apple.product-type.application";
		};
/* End PBXNativeTarget section */

/* Begin PBXProject section */
		844CD2A42549E06200443B41 /* Project object */ = {
			isa = PBXProject;
			attributes = {
				LastSwiftUpdateCheck = 1170;
				LastUpgradeCheck = 1170;
				ORGANIZATIONNAME = AlexGermek;
				TargetAttributes = {
					844CD2AB2549E06200443B41 = {
						CreatedOnToolsVersion = 11.7;
					};
				};
			};
			buildConfigurationList = 844CD2A72549E06200443B41 /* Build configuration list for PBXProject "Lesson_37_MKMapView_Part1" */;
			compatibilityVersion = "Xcode 9.3";
			developmentRegion = en;
			hasScannedForEncodings = 0;
			knownRegions = (
				en,
				Base,
			);
			mainGroup = 844CD2A32549E06200443B41;
			productRefGroup = 844CD2AD2549E06200443B41 /* Products */;
			projectDirPath = "";
			projectRoot = "";
			targets = (
				844CD2AB2549E06200443B41 /* Lesson_37_MKMapView_Part1 */,
			);
		};
/* End PBXProject section */

/* Begin PBXResourcesBuildPhase section */
		844CD2AA2549E06200443B41 /* Resources */ = {
			isa = PBXResourcesBuildPhase;
			buildActionMask = 2147483647;
			files = (
				844CD2BC2549E06700443B41 /* LaunchScreen.storyboard in Resources */,
				844CD2B92549E06700443B41 /* Assets.xcassets in Resources */,
				844CD2B72549E06200443B41 /* Main.storyboard in Resources */,
			);
			runOnlyForDeploymentPostprocessing = 0;
		};
/* End PBXResourcesBuildPhase section */

/* Begin PBXSourcesBuildPhase section */
		844CD2A82549E06200443B41 /* Sources */ = {
			isa = PBXSourcesBuildPhase;
			buildActionMask = 2147483647;
			files = (
				845A5B8C2551F89700A50877 /* UIViewExtension.swift in Sources */,
				844CD2B42549E06200443B41 /* ViewController.swift in Sources */,
				844CD2B02549E06200443B41 /* AppDelegate.swift in Sources */,
				844CD2C72549EF0300443B41 /* AG_MKAnnotation.swift in Sources */,
				844CD2B22549E06200443B41 /* SceneDelegate.swift in Sources */,
			);
			runOnlyForDeploymentPostprocessing = 0;
		};
/* End PBXSourcesBuildPhase section */

/* Begin PBXVariantGroup section */
		844CD2B52549E06200443B41 /* Main.storyboard */ = {
			isa = PBXVariantGroup;
			children = (
				844CD2B62549E06200443B41 /* Base */,
			);
			name = Main.storyboard;
			sourceTree = "<group>";
		};
		844CD2BA2549E06700443B41 /* LaunchScreen.storyboard */ = {
			isa = PBXVariantGroup;
			children = (
				844CD2BB2549E06700443B41 /* Base */,
			);
			name = LaunchScreen.storyboard;
			sourceTree = "<group>";
		};
/* End PBXVariantGroup section */

/* Begin XCBuildConfiguration section */
		844CD2BE2549E06700443B41 /* Debug */ = {
			isa = XCBuildConfiguration;
			buildSettings = {
				ALWAYS_SEARCH_USER_PATHS = NO;
				CLANG_ANALYZER_NONNULL = YES;
				CLANG_ANALYZER_NUMBER_OBJECT_CONVERSION = YES_AGGRESSIVE;
				CLANG_CXX_LANGUAGE_STANDARD = "gnu++14";
				CLANG_CXX_LIBRARY = "libc++";
				CLANG_ENABLE_MODULES = YES;
				CLANG_ENABLE_OBJC_ARC = YES;
				CLANG_ENABLE_OBJC_WEAK = YES;
				CLANG_WARN_BLOCK_CAPTURE_AUTORELEASING = YES;
				CLANG_WARN_BOOL_CONVERSION = YES;
				CLANG_WARN_COMMA = YES;
				CLANG_WARN_CONSTANT_CONVERSION = YES;
				CLANG_WARN_DEPRECATED_OBJC_IMPLEMENTATIONS = YES;
				CLANG_WARN_DIRECT_OBJC_ISA_USAGE = YES_ERROR;
				CLANG_WARN_DOCUMENTATION_COMMENTS = YES;
				CLANG_WARN_EMPTY_BODY = YES;
				CLANG_WARN_ENUM_CONVERSION = YES;
				CLANG_WARN_INFINITE_RECURSION = YES;
				CLANG_WARN_INT_CONVERSION = YES;
				CLANG_WARN_NON_LITERAL_NULL_CONVERSION = YES;
				CLANG_WARN_OBJC_IMPLICIT_RETAIN_SELF = YES;
				CLANG_WARN_OBJC_LITERAL_CONVERSION = YES;
				CLANG_WARN_OBJC_ROOT_CLASS = YES_ERROR;
				CLANG_WARN_RANGE_LOOP_ANALYSIS = YES;
				CLANG_WARN_STRICT_PROTOTYPES = YES;
				CLANG_WARN_SUSPICIOUS_MOVE = YES;
				CLANG_WARN_UNGUARDED_AVAILABILITY = YES_AGGRESSIVE;
				CLANG_WARN_UNREACHABLE_CODE = YES;
				CLANG_WARN__DUPLICATE_METHOD_MATCH = YES;
				COPY_PHASE_STRIP = NO;
				DEBUG_INFORMATION_FORMAT = dwarf;
				ENABLE_STRICT_OBJC_MSGSEND = YES;
				ENABLE_TESTABILITY = YES;
				GCC_C_LANGUAGE_STANDARD = gnu11;
				GCC_DYNAMIC_NO_PIC = NO;
				GCC_NO_COMMON_BLOCKS = YES;
				GCC_OPTIMIZATION_LEVEL = 0;
				GCC_PREPROCESSOR_DEFINITIONS = (
					"DEBUG=1",
					"$(inherited)",
				);
				GCC_WARN_64_TO_32_BIT_CONVERSION = YES;
				GCC_WARN_ABOUT_RETURN_TYPE = YES_ERROR;
				GCC_WARN_UNDECLARED_SELECTOR = YES;
				GCC_WARN_UNINITIALIZED_AUTOS = YES_AGGRESSIVE;
				GCC_WARN_UNUSED_FUNCTION = YES;
				GCC_WARN_UNUSED_VARIABLE = YES;
				IPHONEOS_DEPLOYMENT_TARGET = 13.7;
				MTL_ENABLE_DEBUG_INFO = INCLUDE_SOURCE;
				MTL_FAST_MATH = YES;
				ONLY_ACTIVE_ARCH = YES;
				SDKROOT = iphoneos;
				SWIFT_ACTIVE_COMPILATION_CONDITIONS = DEBUG;
				SWIFT_OPTIMIZATION_LEVEL = "-Onone";
			};
			name = Debug;
		};
		844CD2BF2549E06700443B41 /* Release */ = {
			isa = XCBuildConfiguration;
			buildSettings = {
				ALWAYS_SEARCH_USER_PATHS = NO;
				CLANG_ANALYZER_NONNULL = YES;
				CLANG_ANALYZER_NUMBER_OBJECT_CONVERSION = YES_AGGRESSIVE;
				CLANG_CXX_LANGUAGE_STANDARD = "gnu++14";
				CLANG_CXX_LIBRARY = "libc++";
				CLANG_ENABLE_MODULES = YES;
				CLANG_ENABLE_OBJC_ARC = YES;
				CLANG_ENABLE_OBJC_WEAK = YES;
				CLANG_WARN_BLOCK_CAPTURE_AUTORELEASING = YES;
				CLANG_WARN_BOOL_CONVERSION = YES;
				CLANG_WARN_COMMA = YES;
				CLANG_WARN_CONSTANT_CONVERSION = YES;
				CLANG_WARN_DEPRECATED_OBJC_IMPLEMENTATIONS = YES;
				CLANG_WARN_DIRECT_OBJC_ISA_USAGE = YES_ERROR;
				CLANG_WARN_DOCUMENTATION_COMMENTS = YES;
				CLANG_WARN_EMPTY_BODY = YES;
				CLANG_WARN_ENUM_CONVERSION = YES;
				CLANG_WARN_INFINITE_RECURSION = YES;
				CLANG_WARN_INT_CONVERSION = YES;
				CLANG_WARN_NON_LITERAL_NULL_CONVERSION = YES;
				CLANG_WARN_OBJC_IMPLICIT_RETAIN_SELF = YES;
				CLANG_WARN_OBJC_LITERAL_CONVERSION = YES;
				CLANG_WARN_OBJC_ROOT_CLASS = YES_ERROR;
				CLANG_WARN_RANGE_LOOP_ANALYSIS = YES;
				CLANG_WARN_STRICT_PROTOTYPES = YES;
				CLANG_WARN_SUSPICIOUS_MOVE = YES;
				CLANG_WARN_UNGUARDED_AVAILABILITY = YES_AGGRESSIVE;
				CLANG_WARN_UNREACHABLE_CODE = YES;
				CLANG_WARN__DUPLICATE_METHOD_MATCH = YES;
				COPY_PHASE_STRIP = NO;
				DEBUG_INFORMATION_FORMAT = "dwarf-with-dsym";
				ENABLE_NS_ASSERTIONS = NO;
				ENABLE_STRICT_OBJC_MSGSEND = YES;
				GCC_C_LANGUAGE_STANDARD = gnu11;
				GCC_NO_COMMON_BLOCKS = YES;
				GCC_WARN_64_TO_32_BIT_CONVERSION = YES;
				GCC_WARN_ABOUT_RETURN_TYPE = YES_ERROR;
				GCC_WARN_UNDECLARED_SELECTOR = YES;
				GCC_WARN_UNINITIALIZED_AUTOS = YES_AGGRESSIVE;
				GCC_WARN_UNUSED_FUNCTION = YES;
				GCC_WARN_UNUSED_VARIABLE = YES;
				IPHONEOS_DEPLOYMENT_TARGET = 13.7;
				MTL_ENABLE_DEBUG_INFO = NO;
				MTL_FAST_MATH = YES;
				SDKROOT = iphoneos;
				SWIFT_COMPILATION_MODE = wholemodule;
				SWIFT_OPTIMIZATION_LEVEL = "-O";
				VALIDATE_PRODUCT = YES;
			};
			name = Release;
		};
		844CD2C12549E06700443B41 /* Debug */ = {
			isa = XCBuildConfiguration;
			buildSettings = {
				ASSETCATALOG_COMPILER_APPICON_NAME = AppIcon;
				CODE_SIGN_STYLE = Automatic;
				INFOPLIST_FILE = Lesson_37_MKMapView_Part1/Info.plist;
				LD_RUNPATH_SEARCH_PATHS = (
					"$(inherited)",
					"@executable_path/Frameworks",
				);
				PRODUCT_BUNDLE_IDENTIFIER = "alexgermek.com.Lesson-37-MKMapView-Part1";
				PRODUCT_NAME = "$(TARGET_NAME)";
				SWIFT_VERSION = 5.0;
				TARGETED_DEVICE_FAMILY = "1,2";
			};
			name = Debug;
		};
		844CD2C22549E06700443B41 /* Release */ = {
			isa = XCBuildConfiguration;
			buildSettings = {
				ASSETCATALOG_COMPILER_APPICON_NAME = AppIcon;
				CODE_SIGN_STYLE = Automatic;
				INFOPLIST_FILE = Lesson_37_MKMapView_Part1/Info.plist;
				LD_RUNPATH_SEARCH_PATHS = (
					"$(inherited)",
					"@executable_path/Frameworks",
				);
				PRODUCT_BUNDLE_IDENTIFIER = "alexgermek.com.Lesson-37-MKMapView-Part1";
				PRODUCT_NAME = "$(TARGET_NAME)";
				SWIFT_VERSION = 5.0;
				TARGETED_DEVICE_FAMILY = "1,2";
			};
			name = Release;
		};
/* End XCBuildConfiguration section */

/* Begin XCConfigurationList section */
		844CD2A72549E06200443B41 /* Build configuration list for PBXProject "Lesson_37_MKMapView_Part1" */ = {
			isa = XCConfigurationList;
			buildConfigurations = (
				844CD2BE2549E06700443B41 /* Debug */,
				844CD2BF2549E06700443B41 /* Release */,
			);
			defaultConfigurationIsVisible = 0;
			defaultConfigurationName = Release;
		};
		844CD2C02549E06700443B41 /* Build configuration list for PBXNativeTarget "Lesson_37_MKMapView_Part1" */ = {
			isa = XCConfigurationList;
			buildConfigurations = (
				844CD2C12549E06700443B41 /* Debug */,
				844CD2C22549E06700443B41 /* Release */,
			);
			defaultConfigurationIsVisible = 0;
			defaultConfigurationName = Release;
		};
/* End XCConfigurationList section */
	};
	rootObject = 844CD2A42549E06200443B41 /* Project object */;
}
